
Microsoft Visual Studio Solution File, Format Version 12.00
# Visual Studio Version 16
VisualStudioVersion = 16.0.30517.126
MinimumVisualStudioVersion = 10.0.40219.1
Project("{FAE04EC0-301F-11D3-BF4B-00C04F79EFBC}") = "ZookeeperWindowsService", "ZookeeperWindowsService.csproj", "{6C046270-FD31-4484-861E-2505988485A7}"
EndProject
Global
	GlobalSection(SolutionConfigurationPlatforms) = preSolution
		Debug|Any CPU = Debug|Any CPU
		Release|Any CPU = Release|Any CPU
	EndGlobalSection
	GlobalSection(ProjectConfigurationPlatforms) = postSolution
		{6C046270-FD31-4484-861E-2505988485A7}.Debug|Any CPU.ActiveCfg = Debug|Any CPU
		{6C046270-FD31-4484-861E-2505988485A7}.Debug|Any CPU.Build.0 = Debug|Any CPU
		{6C046270-FD31-4484-861E-2505988485A7}.Release|Any CPU.ActiveCfg = Release|Any CPU
		{6C046270-FD31-4484-861E-2505988485A7}.Release|Any CPU.Build.0 = Release|Any CPU
	EndGlobalSection
	GlobalSection(SolutionProperties) = preSolution
		HideSolutionNode = FALSE
	EndGlobalSection
	GlobalSection(ExtensibilityGlobals) = postSolution
		SolutionGuid = {6A0869CA-ED66-4AB1-89AE-D07164B0F693}
	EndGlobalSection
EndGlobal
